
Microsoft Visual Studio Solution File, Format Version 12.00
# Visual Studio 14
VisualStudioVersion = 14.0.25420.1
MinimumVisualStudioVersion = 10.0.40219.1
Project("{FAE04EC0-301F-11D3-BF4B-00C04F79EFBC}") = "ManagedItemTypesExample", "ManagedItemTypesExample\ManagedItemTypesExample.csproj", "{821BAA12-1870-4A7C-976E-79FD11497BEF}"
EndProject
Project("{FAE04EC0-301F-11D3-BF4B-00C04F79EFBC}") = "eZBMCE", "eZBMCE\eZBMCE.csproj", "{0572B647-4FD5-4D90-AAF9-3009BC92EBFC}"
EndProject
Project("{FAE04EC0-301F-11D3-BF4B-00C04F79EFBC}") = "eZBM_AddinManager", "eZBM_AddinManager\eZBM_AddinManager.csproj", "{835FA817-EBE4-4C2B-91D4-A6B945878105}"
EndProject
Project("{FAE04EC0-301F-11D3-BF4B-00C04F79EFBC}") = "eZstd", "..\eZstd\Projects\eZstd\eZstd.csproj", "{FB9B6528-5424-4B7A-AEBA-6733450DC44B}"
EndProject
Project("{FAE04EC0-301F-11D3-BF4B-00C04F79EFBC}") = "ManagedToolsExample", "ManagedToolsExample\ManagedToolsExample.csproj", "{3F1EB549-696C-4F03-A20E-2C51A9C10E57}"
EndProject
Project("{FAE04EC0-301F-11D3-BF4B-00C04F79EFBC}") = "DgnECExample", "DgnECExample\DgnECExample.csproj", "{1A8295AF-DB22-4435-9EC0-E1A76779AAD4}"
EndProject
Project("{FAE04EC0-301F-11D3-BF4B-00C04F79EFBC}") = "ParametricModelingExample", "ParametricModelingExample\ParametricModelingExample.csproj", "{853DB02E-FFB0-40A2-9816-564425A4E95D}"
EndProject
Project("{FAE04EC0-301F-11D3-BF4B-00C04F79EFBC}") = "ManagedSDKExample_ord7", "ManagedSDKExample_ord7\ManagedSDKExample_ord7.csproj", "{71D1A4F1-A387-4A54-8C41-1AD95B374F2C}"
EndProject
Project("{FAE04EC0-301F-11D3-BF4B-00C04F79EFBC}") = "SubgradeTemplateLib", "MsdiTransportation.SubgradeTemplateLib\SubgradeTemplateLib.csproj", "{AE481A93-2589-4783-80B8-3E88311333DD}"
EndProject
Global
	GlobalSection(SolutionConfigurationPlatforms) = preSolution
		Debug|Any CPU = Debug|Any CPU
		Debug|x64 = Debug|x64
		Debug|x86 = Debug|x86
		Design|Any CPU = Design|Any CPU
		Design|x64 = Design|x64
		Design|x86 = Design|x86
		Release|Any CPU = Release|Any CPU
		Release|x64 = Release|x64
		Release|x86 = Release|x86
	EndGlobalSection
	GlobalSection(ProjectConfigurationPlatforms) = postSolution
		{821BAA12-1870-4A7C-976E-79FD11497BEF}.Debug|Any CPU.ActiveCfg = Debug|Any CPU
		{821BAA12-1870-4A7C-976E-79FD11497BEF}.Debug|Any CPU.Build.0 = Debug|Any CPU
		{821BAA12-1870-4A7C-976E-79FD11497BEF}.Debug|x64.ActiveCfg = Debug|x64
		{821BAA12-1870-4A7C-976E-79FD11497BEF}.Debug|x64.Build.0 = Debug|x64
		{821BAA12-1870-4A7C-976E-79FD11497BEF}.Debug|x86.ActiveCfg = Debug|x86
		{821BAA12-1870-4A7C-976E-79FD11497BEF}.Debug|x86.Build.0 = Debug|x86
		{821BAA12-1870-4A7C-976E-79FD11497BEF}.Design|Any CPU.ActiveCfg = Debug|Any CPU
		{821BAA12-1870-4A7C-976E-79FD11497BEF}.Design|Any CPU.Build.0 = Debug|Any CPU
		{821BAA12-1870-4A7C-976E-79FD11497BEF}.Design|x64.ActiveCfg = Debug|x64
		{821BAA12-1870-4A7C-976E-79FD11497BEF}.Design|x64.Build.0 = Debug|x64
		{821BAA12-1870-4A7C-976E-79FD11497BEF}.Design|x86.ActiveCfg = Debug|x86
		{821BAA12-1870-4A7C-976E-79FD11497BEF}.Design|x86.Build.0 = Debug|x86
		{821BAA12-1870-4A7C-976E-79FD11497BEF}.Release|Any CPU.ActiveCfg = Release|Any CPU
		{821BAA12-1870-4A7C-976E-79FD11497BEF}.Release|Any CPU.Build.0 = Release|Any CPU
		{821BAA12-1870-4A7C-976E-79FD11497BEF}.Release|x64.ActiveCfg = Release|x64
		{821BAA12-1870-4A7C-976E-79FD11497BEF}.Release|x64.Build.0 = Release|x64
		{821BAA12-1870-4A7C-976E-79FD11497BEF}.Release|x86.ActiveCfg = Release|x86
		{821BAA12-1870-4A7C-976E-79FD11497BEF}.Release|x86.Build.0 = Release|x86
		{0572B647-4FD5-4D90-AAF9-3009BC92EBFC}.Debug|Any CPU.ActiveCfg = Debug|Any CPU
		{0572B647-4FD5-4D90-AAF9-3009BC92EBFC}.Debug|Any CPU.Build.0 = Debug|Any CPU
		{0572B647-4FD5-4D90-AAF9-3009BC92EBFC}.Debug|x64.ActiveCfg = Debug|x64
		{0572B647-4FD5-4D90-AAF9-3009BC92EBFC}.Debug|x64.Build.0 = Debug|x64
		{0572B647-4FD5-4D90-AAF9-3009BC92EBFC}.Debug|x86.ActiveCfg = Debug|x64
		{0572B647-4FD5-4D90-AAF9-3009BC92EBFC}.Design|Any CPU.ActiveCfg = Design|x64
		{0572B647-4FD5-4D90-AAF9-3009BC92EBFC}.Design|x64.ActiveCfg = Design|x64
		{0572B647-4FD5-4D90-AAF9-3009BC92EBFC}.Design|x64.Build.0 = Design|x64
		{0572B647-4FD5-4D90-AAF9-3009BC92EBFC}.Design|x86.ActiveCfg = Design|x64
		{0572B647-4FD5-4D90-AAF9-3009BC92EBFC}.Release|Any CPU.ActiveCfg = Release|x64
		{0572B647-4FD5-4D90-AAF9-3009BC92EBFC}.Release|x64.ActiveCfg = Release|x64
		{0572B647-4FD5-4D90-AAF9-3009BC92EBFC}.Release|x64.Build.0 = Release|x64
		{0572B647-4FD5-4D90-AAF9-3009BC92EBFC}.Release|x86.ActiveCfg = Release|x64
		{835FA817-EBE4-4C2B-91D4-A6B945878105}.Debug|Any CPU.ActiveCfg = Debug|Any CPU
		{835FA817-EBE4-4C2B-91D4-A6B945878105}.Debug|Any CPU.Build.0 = Debug|Any CPU
		{835FA817-EBE4-4C2B-91D4-A6B945878105}.Debug|x64.ActiveCfg = Debug|x64
		{835FA817-EBE4-4C2B-91D4-A6B945878105}.Debug|x64.Build.0 = Debug|x64
		{835FA817-EBE4-4C2B-91D4-A6B945878105}.Debug|x86.ActiveCfg = Debug|Any CPU
		{835FA817-EBE4-4C2B-91D4-A6B945878105}.Debug|x86.Build.0 = Debug|Any CPU
		{835FA817-EBE4-4C2B-91D4-A6B945878105}.Design|Any CPU.ActiveCfg = Debug|Any CPU
		{835FA817-EBE4-4C2B-91D4-A6B945878105}.Design|Any CPU.Build.0 = Debug|Any CPU
		{835FA817-EBE4-4C2B-91D4-A6B945878105}.Design|x64.ActiveCfg = Debug|x64
		{835FA817-EBE4-4C2B-91D4-A6B945878105}.Design|x64.Build.0 = Debug|x64
		{835FA817-EBE4-4C2B-91D4-A6B945878105}.Design|x86.ActiveCfg = Debug|Any CPU
		{835FA817-EBE4-4C2B-91D4-A6B945878105}.Design|x86.Build.0 = Debug|Any CPU
		{835FA817-EBE4-4C2B-91D4-A6B945878105}.Release|Any CPU.ActiveCfg = Release|Any CPU
		{835FA817-EBE4-4C2B-91D4-A6B945878105}.Release|Any CPU.Build.0 = Release|Any CPU
		{835FA817-EBE4-4C2B-91D4-A6B945878105}.Release|x64.ActiveCfg = Release|x64
		{835FA817-EBE4-4C2B-91D4-A6B945878105}.Release|x64.Build.0 = Release|x64
		{835FA817-EBE4-4C2B-91D4-A6B945878105}.Release|x86.ActiveCfg = Release|Any CPU
		{835FA817-EBE4-4C2B-91D4-A6B945878105}.Release|x86.Build.0 = Release|Any CPU
		{FB9B6528-5424-4B7A-AEBA-6733450DC44B}.Debug|Any CPU.ActiveCfg = Debug|Any CPU
		{FB9B6528-5424-4B7A-AEBA-6733450DC44B}.Debug|Any CPU.Build.0 = Debug|Any CPU
		{FB9B6528-5424-4B7A-AEBA-6733450DC44B}.Debug|x64.ActiveCfg = Debug|Any CPU
		{FB9B6528-5424-4B7A-AEBA-6733450DC44B}.Debug|x64.Build.0 = Debug|Any CPU
		{FB9B6528-5424-4B7A-AEBA-6733450DC44B}.Debug|x86.ActiveCfg = Debug|Any CPU
		{FB9B6528-5424-4B7A-AEBA-6733450DC44B}.Debug|x86.Build.0 = Debug|Any CPU
		{FB9B6528-5424-4B7A-AEBA-6733450DC44B}.Design|Any CPU.ActiveCfg = Debug|Any CPU
		{FB9B6528-5424-4B7A-AEBA-6733450DC44B}.Design|Any CPU.Build.0 = Debug|Any CPU
		{FB9B6528-5424-4B7A-AEBA-6733450DC44B}.Design|x64.ActiveCfg = Debug|x64
		{FB9B6528-5424-4B7A-AEBA-6733450DC44B}.Design|x64.Build.0 = Debug|x64
		{FB9B6528-5424-4B7A-AEBA-6733450DC44B}.Design|x86.ActiveCfg = Debug|Any CPU
		{FB9B6528-5424-4B7A-AEBA-6733450DC44B}.Design|x86.Build.0 = Debug|Any CPU
		{FB9B6528-5424-4B7A-AEBA-6733450DC44B}.Release|Any CPU.ActiveCfg = Release|Any CPU
		{FB9B6528-5424-4B7A-AEBA-6733450DC44B}.Release|Any CPU.Build.0 = Release|Any CPU
		{FB9B6528-5424-4B7A-AEBA-6733450DC44B}.Release|x64.ActiveCfg = Release|x64
		{FB9B6528-5424-4B7A-AEBA-6733450DC44B}.Release|x64.Build.0 = Release|x64
		{FB9B6528-5424-4B7A-AEBA-6733450DC44B}.Release|x86.ActiveCfg = Release|Any CPU
		{FB9B6528-5424-4B7A-AEBA-6733450DC44B}.Release|x86.Build.0 = Release|Any CPU
		{3F1EB549-696C-4F03-A20E-2C51A9C10E57}.Debug|Any CPU.ActiveCfg = Debug|Any CPU
		{3F1EB549-696C-4F03-A20E-2C51A9C10E57}.Debug|Any CPU.Build.0 = Debug|Any CPU
		{3F1EB549-696C-4F03-A20E-2C51A9C10E57}.Debug|x64.ActiveCfg = Debug|x64
		{3F1EB549-696C-4F03-A20E-2C51A9C10E57}.Debug|x64.Build.0 = Debug|x64
		{3F1EB549-696C-4F03-A20E-2C51A9C10E57}.Debug|x86.ActiveCfg = Debug|x86
		{3F1EB549-696C-4F03-A20E-2C51A9C10E57}.Debug|x86.Build.0 = Debug|x86
		{3F1EB549-696C-4F03-A20E-2C51A9C10E57}.Design|Any CPU.ActiveCfg = Debug|Any CPU
		{3F1EB549-696C-4F03-A20E-2C51A9C10E57}.Design|Any CPU.Build.0 = Debug|Any CPU
		{3F1EB549-696C-4F03-A20E-2C51A9C10E57}.Design|x64.ActiveCfg = Debug|x64
		{3F1EB549-696C-4F03-A20E-2C51A9C10E57}.Design|x64.Build.0 = Debug|x64
		{3F1EB549-696C-4F03-A20E-2C51A9C10E57}.Design|x86.ActiveCfg = Debug|x86
		{3F1EB549-696C-4F03-A20E-2C51A9C10E57}.Design|x86.Build.0 = Debug|x86
		{3F1EB549-696C-4F03-A20E-2C51A9C10E57}.Release|Any CPU.ActiveCfg = Release|Any CPU
		{3F1EB549-696C-4F03-A20E-2C51A9C10E57}.Release|Any CPU.Build.0 = Release|Any CPU
		{3F1EB549-696C-4F03-A20E-2C51A9C10E57}.Release|x64.ActiveCfg = Release|x64
		{3F1EB549-696C-4F03-A20E-2C51A9C10E57}.Release|x64.Build.0 = Release|x64
		{3F1EB549-696C-4F03-A20E-2C51A9C10E57}.Release|x86.ActiveCfg = Release|x86
		{3F1EB549-696C-4F03-A20E-2C51A9C10E57}.Release|x86.Build.0 = Release|x86
		{1A8295AF-DB22-4435-9EC0-E1A76779AAD4}.Debug|Any CPU.ActiveCfg = Debug|Any CPU
		{1A8295AF-DB22-4435-9EC0-E1A76779AAD4}.Debug|Any CPU.Build.0 = Debug|Any CPU
		{1A8295AF-DB22-4435-9EC0-E1A76779AAD4}.Debug|x64.ActiveCfg = Debug|x64
		{1A8295AF-DB22-4435-9EC0-E1A76779AAD4}.Debug|x64.Build.0 = Debug|x64
		{1A8295AF-DB22-4435-9EC0-E1A76779AAD4}.Debug|x86.ActiveCfg = Debug|x86
		{1A8295AF-DB22-4435-9EC0-E1A76779AAD4}.Debug|x86.Build.0 = Debug|x86
		{1A8295AF-DB22-4435-9EC0-E1A76779AAD4}.Design|Any CPU.ActiveCfg = Debug|Any CPU
		{1A8295AF-DB22-4435-9EC0-E1A76779AAD4}.Design|Any CPU.Build.0 = Debug|Any CPU
		{1A8295AF-DB22-4435-9EC0-E1A76779AAD4}.Design|x64.ActiveCfg = Debug|x64
		{1A8295AF-DB22-4435-9EC0-E1A76779AAD4}.Design|x64.Build.0 = Debug|x64
		{1A8295AF-DB22-4435-9EC0-E1A76779AAD4}.Design|x86.ActiveCfg = Debug|x86
		{1A8295AF-DB22-4435-9EC0-E1A76779AAD4}.Design|x86.Build.0 = Debug|x86
		{1A8295AF-DB22-4435-9EC0-E1A76779AAD4}.Release|Any CPU.ActiveCfg = Release|Any CPU
		{1A8295AF-DB22-4435-9EC0-E1A76779AAD4}.Release|Any CPU.Build.0 = Release|Any CPU
		{1A8295AF-DB22-4435-9EC0-E1A76779AAD4}.Release|x64.ActiveCfg = Release|x64
		{1A8295AF-DB22-4435-9EC0-E1A76779AAD4}.Release|x64.Build.0 = Release|x64
		{1A8295AF-DB22-4435-9EC0-E1A76779AAD4}.Release|x86.ActiveCfg = Release|x86
		{1A8295AF-DB22-4435-9EC0-E1A76779AAD4}.Release|x86.Build.0 = Release|x86
		{853DB02E-FFB0-40A2-9816-564425A4E95D}.Debug|Any CPU.ActiveCfg = Debug|Any CPU
		{853DB02E-FFB0-40A2-9816-564425A4E95D}.Debug|Any CPU.Build.0 = Debug|Any CPU
		{853DB02E-FFB0-40A2-9816-564425A4E95D}.Debug|x64.ActiveCfg = Debug|x64
		{853DB02E-FFB0-40A2-9816-564425A4E95D}.Debug|x64.Build.0 = Debug|x64
		{853DB02E-FFB0-40A2-9816-564425A4E95D}.Debug|x86.ActiveCfg = Debug|x86
		{853DB02E-FFB0-40A2-9816-564425A4E95D}.Debug|x86.Build.0 = Debug|x86
		{853DB02E-FFB0-40A2-9816-564425A4E95D}.Design|Any CPU.ActiveCfg = Debug|Any CPU
		{853DB02E-FFB0-40A2-9816-564425A4E95D}.Design|Any CPU.Build.0 = Debug|Any CPU
		{853DB02E-FFB0-40A2-9816-564425A4E95D}.Design|x64.ActiveCfg = Debug|x64
		{853DB02E-FFB0-40A2-9816-564425A4E95D}.Design|x64.Build.0 = Debug|x64
		{853DB02E-FFB0-40A2-9816-564425A4E95D}.Design|x86.ActiveCfg = Debug|x86
		{853DB02E-FFB0-40A2-9816-564425A4E95D}.Design|x86.Build.0 = Debug|x86
		{853DB02E-FFB0-40A2-9816-564425A4E95D}.Release|Any CPU.ActiveCfg = Release|Any CPU
		{853DB02E-FFB0-40A2-9816-564425A4E95D}.Release|Any CPU.Build.0 = Release|Any CPU
		{853DB02E-FFB0-40A2-9816-564425A4E95D}.Release|x64.ActiveCfg = Release|x64
		{853DB02E-FFB0-40A2-9816-564425A4E95D}.Release|x64.Build.0 = Release|x64
		{853DB02E-FFB0-40A2-9816-564425A4E95D}.Release|x86.ActiveCfg = Release|x86
		{853DB02E-FFB0-40A2-9816-564425A4E95D}.Release|x86.Build.0 = Release|x86
		{71D1A4F1-A387-4A54-8C41-1AD95B374F2C}.Debug|Any CPU.ActiveCfg = Debug|Any CPU
		{71D1A4F1-A387-4A54-8C41-1AD95B374F2C}.Debug|Any CPU.Build.0 = Debug|Any CPU
		{71D1A4F1-A387-4A54-8C41-1AD95B374F2C}.Debug|x64.ActiveCfg = Debug|x64
		{71D1A4F1-A387-4A54-8C41-1AD95B374F2C}.Debug|x64.Build.0 = Debug|x64
		{71D1A4F1-A387-4A54-8C41-1AD95B374F2C}.Debug|x86.ActiveCfg = Debug|Any CPU
		{71D1A4F1-A387-4A54-8C41-1AD95B374F2C}.Debug|x86.Build.0 = Debug|Any CPU
		{71D1A4F1-A387-4A54-8C41-1AD95B374F2C}.Design|Any CPU.ActiveCfg = Debug|Any CPU
		{71D1A4F1-A387-4A54-8C41-1AD95B374F2C}.Design|Any CPU.Build.0 = Debug|Any CPU
		{71D1A4F1-A387-4A54-8C41-1AD95B374F2C}.Design|x64.ActiveCfg = Debug|Any CPU
		{71D1A4F1-A387-4A54-8C41-1AD95B374F2C}.Design|x64.Build.0 = Debug|Any CPU
		{71D1A4F1-A387-4A54-8C41-1AD95B374F2C}.Design|x86.ActiveCfg = Debug|Any CPU
		{71D1A4F1-A387-4A54-8C41-1AD95B374F2C}.Design|x86.Build.0 = Debug|Any CPU
		{71D1A4F1-A387-4A54-8C41-1AD95B374F2C}.Release|Any CPU.ActiveCfg = Release|Any CPU
		{71D1A4F1-A387-4A54-8C41-1AD95B374F2C}.Release|Any CPU.Build.0 = Release|Any CPU
		{71D1A4F1-A387-4A54-8C41-1AD95B374F2C}.Release|x64.ActiveCfg = Release|Any CPU
		{71D1A4F1-A387-4A54-8C41-1AD95B374F2C}.Release|x64.Build.0 = Release|Any CPU
		{71D1A4F1-A387-4A54-8C41-1AD95B374F2C}.Release|x86.ActiveCfg = Release|Any CPU
		{71D1A4F1-A387-4A54-8C41-1AD95B374F2C}.Release|x86.Build.0 = Release|Any CPU
		{AE481A93-2589-4783-80B8-3E88311333DD}.Debug|Any CPU.ActiveCfg = Debug|Any CPU
		{AE481A93-2589-4783-80B8-3E88311333DD}.Debug|Any CPU.Build.0 = Debug|Any CPU
		{AE481A93-2589-4783-80B8-3E88311333DD}.Debug|x64.ActiveCfg = Debug|Any CPU
		{AE481A93-2589-4783-80B8-3E88311333DD}.Debug|x64.Build.0 = Debug|Any CPU
		{AE481A93-2589-4783-80B8-3E88311333DD}.Debug|x86.ActiveCfg = Debug|Any CPU
		{AE481A93-2589-4783-80B8-3E88311333DD}.Debug|x86.Build.0 = Debug|Any CPU
		{AE481A93-2589-4783-80B8-3E88311333DD}.Design|Any CPU.ActiveCfg = Debug|Any CPU
		{AE481A93-2589-4783-80B8-3E88311333DD}.Design|Any CPU.Build.0 = Debug|Any CPU
		{AE481A93-2589-4783-80B8-3E88311333DD}.Design|x64.ActiveCfg = Debug|Any CPU
		{AE481A93-2589-4783-80B8-3E88311333DD}.Design|x64.Build.0 = Debug|Any CPU
		{AE481A93-2589-4783-80B8-3E88311333DD}.Design|x86.ActiveCfg = Debug|Any CPU
		{AE481A93-2589-4783-80B8-3E88311333DD}.Design|x86.Build.0 = Debug|Any CPU
		{AE481A93-2589-4783-80B8-3E88311333DD}.Release|Any CPU.ActiveCfg = Release|Any CPU
		{AE481A93-2589-4783-80B8-3E88311333DD}.Release|Any CPU.Build.0 = Release|Any CPU
		{AE481A93-2589-4783-80B8-3E88311333DD}.Release|x64.ActiveCfg = Release|Any CPU
		{AE481A93-2589-4783-80B8-3E88311333DD}.Release|x64.Build.0 = Release|Any CPU
		{AE481A93-2589-4783-80B8-3E88311333DD}.Release|x86.ActiveCfg = Release|Any CPU
		{AE481A93-2589-4783-80B8-3E88311333DD}.Release|x86.Build.0 = Release|Any CPU
	EndGlobalSection
	GlobalSection(SolutionProperties) = preSolution
		HideSolutionNode = FALSE
	EndGlobalSection
EndGlobal
